
Microsoft Visual Studio Solution File, Format Version 12.00
# Visual Studio 15
VisualStudioVersion = 15.0.28010.2026
MinimumVisualStudioVersion = 10.0.40219.1
Project("{FAE04EC0-301F-11D3-BF4B-00C04F79EFBC}") = "killswitch-windows", "killswitch-windows\killswitch-windows.csproj", "{38F69DDA-A279-4DF8-BB81-43FE621F7B71}"
EndProject
Global
	GlobalSection(SolutionConfigurationPlatforms) = preSolution
		Debug|Any CPU = Debug|Any CPU
		Release|Any CPU = Release|Any CPU
	EndGlobalSection
	GlobalSection(ProjectConfigurationPlatforms) = postSolution
		{38F69DDA-A279-4DF8-BB81-43FE621F7B71}.Debug|Any CPU.ActiveCfg = Debug|Any CPU
		{38F69DDA-A279-4DF8-BB81-43FE621F7B71}.Debug|Any CPU.Build.0 = Debug|Any CPU
		{38F69DDA-A279-4DF8-BB81-43FE621F7B71}.Release|Any CPU.ActiveCfg = Release|Any CPU
		{38F69DDA-A279-4DF8-BB81-43FE621F7B71}.Release|Any CPU.Build.0 = Release|Any CPU
	EndGlobalSection
	GlobalSection(SolutionProperties) = preSolution
		HideSolutionNode = FALSE
	EndGlobalSection
	GlobalSection(ExtensibilityGlobals) = postSolution
		SolutionGuid = {949E0FFF-451C-4E8A-8A76-5D6067352DE5}
	EndGlobalSection
EndGlobal
